
Microsoft Visual Studio Solution File, Format Version 12.00
# Visual Studio Version 16
VisualStudioVersion = 16.0.29609.76
MinimumVisualStudioVersion = 10.0.40219.1
Project("{FAE04EC0-301F-11D3-BF4B-00C04F79EFBC}") = "FilmMániaZáróDolgozat", "FilmMániaZáróDolgozat\FilmMániaZáróDolgozat.csproj", "{51214472-7035-4A7A-811E-A533E234BB91}"
EndProject
Project("{FAE04EC0-301F-11D3-BF4B-00C04F79EFBC}") = "FilmMániaZáróDolgozatTests", "FilmMániaZáróDolgozatTests\FilmMániaZáróDolgozatTests.csproj", "{8AD08021-5BAD-4144-8573-01CF89DB713D}"
EndProject
Global
	GlobalSection(SolutionConfigurationPlatforms) = preSolution
		Debug|Any CPU = Debug|Any CPU
		Release|Any CPU = Release|Any CPU
	EndGlobalSection
	GlobalSection(ProjectConfigurationPlatforms) = postSolution
		{51214472-7035-4A7A-811E-A533E234BB91}.Debug|Any CPU.ActiveCfg = Debug|Any CPU
		{51214472-7035-4A7A-811E-A533E234BB91}.Debug|Any CPU.Build.0 = Debug|Any CPU
		{51214472-7035-4A7A-811E-A533E234BB91}.Release|Any CPU.ActiveCfg = Release|Any CPU
		{51214472-7035-4A7A-811E-A533E234BB91}.Release|Any CPU.Build.0 = Release|Any CPU
		{8AD08021-5BAD-4144-8573-01CF89DB713D}.Debug|Any CPU.ActiveCfg = Debug|Any CPU
		{8AD08021-5BAD-4144-8573-01CF89DB713D}.Debug|Any CPU.Build.0 = Debug|Any CPU
		{8AD08021-5BAD-4144-8573-01CF89DB713D}.Release|Any CPU.ActiveCfg = Release|Any CPU
		{8AD08021-5BAD-4144-8573-01CF89DB713D}.Release|Any CPU.Build.0 = Release|Any CPU
	EndGlobalSection
	GlobalSection(SolutionProperties) = preSolution
		HideSolutionNode = FALSE
	EndGlobalSection
	GlobalSection(ExtensibilityGlobals) = postSolution
		SolutionGuid = {8C3D4661-BC6E-4E9F-B78F-776D7CBBF642}
	EndGlobalSection
EndGlobal
